PODS:
  - Charts (3.1.1):
    - Charts/Core (= 3.1.1)
  - Charts/Core (3.1.1)
  - SigmaSwiftStatistics (7.0.2)
  - Surge (2.0.0)

DEPENDENCIES:
  - Charts
  - SigmaSwiftStatistics
  - Surge

SPEC REPOS:
  trunk:
    - Charts
    - SigmaSwiftStatistics
    - Surge

SPEC CHECKSUMS:
  Charts: 380e83be97bc41a9c813fae0f23a7d0e943e28d6
  SigmaSwiftStatistics: 6897d572d7e52c70dc60814526e931540aa25d08
  Surge: 1f0286bc5f0fe4283f3455479895bf85c7ef7760

PODFILE CHECKSUM: 45cfb79ce22e77de8cd6755ec7bcc95437fa1ff0

COCOAPODS: 1.15.2
