// !$*UTF8*$!
{
	archiveVersion = 1;
	classes = {
	};
	objectVersion = 54;
	objects = {

/* Begin PBXBuildFile section */
		B306A34A2CBA907C00A28CD8 /* LaunchScreen.storyboard in Resources */ = {isa = PBXBuildFile; fileRef = B306A3492CBA907C00A28CD8 /* LaunchScreen.storyboard */; };
		B306A34C2CBA911F00A28CD8 /* Localizable.xcstrings in Resources */ = {isa = PBXBuildFile; fileRef = B306A34B2CBA911F00A28CD8 /* Localizable.xcstrings */; };
		B30F1413206FB24400DC1745 /* G_H_Filter.swift in Sources */ = {isa = PBXBuildFile; fileRef = B30F1412206FB24400DC1745 /* G_H_Filter.swift */; };
		B30F1415206FB29300DC1745 /* G_H_Filter_Tests.swift in Sources */ = {isa = PBXBuildFile; fileRef = B30F1414206FB29300DC1745 /* G_H_Filter_Tests.swift */; };
		B3177E5B20B0719900E283FC /* RepetitionTableViewController.swift in Sources */ = {isa = PBXBuildFile; fileRef = B3177E5A20B0719900E283FC /* RepetitionTableViewController.swift */; };
		B3177E5F20B0761600E283FC /* Repetition.swift in Sources */ = {isa = PBXBuildFile; fileRef = B3177E5E20B0761600E283FC /* Repetition.swift */; };
		B32510A22CBBC53E00CFE2F7 /* UIImage+Extension.swift in Sources */ = {isa = PBXBuildFile; fileRef = B32510A12CBBC53E00CFE2F7 /* UIImage+Extension.swift */; };
		B32510A42CBBD79200CFE2F7 /* GraphCharts.swift in Sources */ = {isa = PBXBuildFile; fileRef = B32510A32CBBD79200CFE2F7 /* GraphCharts.swift */; };
		B3280A8E2CBA97C1005EBD32 /* LocalizedKeys.swift in Sources */ = {isa = PBXBuildFile; fileRef = B3280A8D2CBA97C1005EBD32 /* LocalizedKeys.swift */; };
		B3280A912CBA97EF005EBD32 /* String+Extension.swift in Sources */ = {isa = PBXBuildFile; fileRef = B3280A902CBA97EF005EBD32 /* String+Extension.swift */; };
		B3280A972CBAA243005EBD32 /* Main.storyboard in Resources */ = {isa = PBXBuildFile; fileRef = B3280A962CBAA243005EBD32 /* Main.storyboard */; };
		B32822C62CBA7B3700BA521D /* DGCharts in Frameworks */ = {isa = PBXBuildFile; productRef = B32822C52CBA7B3700BA521D /* DGCharts */; };
		B32822C92CBA7BD000BA521D /* Surge in Frameworks */ = {isa = PBXBuildFile; productRef = B32822C82CBA7BD000BA521D /* Surge */; };
		B32822CC2CBA7BF000BA521D /* SigmaSwiftStatistics in Frameworks */ = {isa = PBXBuildFile; productRef = B32822CB2CBA7BF000BA521D /* SigmaSwiftStatistics */; };
		B3986410206FA75100066E06 /* Abstract_Test.swift in Sources */ = {isa = PBXBuildFile; fileRef = B398640F206FA75100066E06 /* Abstract_Test.swift */; };
		B3AC61331FBDBB0C00B2334D /* AppDelegate.swift in Sources */ = {isa = PBXBuildFile; fileRef = B3AC61321FBDBB0C00B2334D /* AppDelegate.swift */; };
		B3AC613A1FBDBB0C00B2334D /* Assets.xcassets in Resources */ = {isa = PBXBuildFile; fileRef = B3AC61391FBDBB0C00B2334D /* Assets.xcassets */; };
		B3AC61451FBDBBB100B2334D /* ViewController.swift in Sources */ = {isa = PBXBuildFile; fileRef = B3AC61441FBDBBB100B2334D /* ViewController.swift */; };
		B3E802772073B4E300166074 /* Kalman_Filter.swift in Sources */ = {isa = PBXBuildFile; fileRef = B3E802762073B4E300166074 /* Kalman_Filter.swift */; };
		B3E802792073B99200166074 /* Kalman_Filter_Tests.swift in Sources */ = {isa = PBXBuildFile; fileRef = B3E802782073B99200166074 /* Kalman_Filter_Tests.swift */; };
		B3ED3D24207145C20084256F /* One_Dimensional_Kalman_Filter.swift in Sources */ = {isa = PBXBuildFile; fileRef = B3ED3D23207145C20084256F /* One_Dimensional_Kalman_Filter.swift */; };
		B3ED3D26207146000084256F /* One_Dimensional_Kalman_Filter_Tests.swift in Sources */ = {isa = PBXBuildFile; fileRef = B3ED3D25207146000084256F /* One_Dimensional_Kalman_Filter_Tests.swift */; };
		B3F4E0102070D35900FFE969 /* Discrete_Bayes_Filter.swift in Sources */ = {isa = PBXBuildFile; fileRef = B3F4E00F2070D35900FFE969 /* Discrete_Bayes_Filter.swift */; };
		B3F4E0122070D38200FFE969 /* Discrete_Bayes_Filter_Tests.swift in Sources */ = {isa = PBXBuildFile; fileRef = B3F4E0112070D38200FFE969 /* Discrete_Bayes_Filter_Tests.swift */; };
/* End PBXBuildFile section */

/* Begin PBXContainerItemProxy section */
		B3986408206FA35300066E06 /* PBXContainerItemProxy */ = {
			isa = PBXContainerItemProxy;
			containerPortal = B3AC61271FBDBB0C00B2334D /* Project object */;
			proxyType = 1;
			remoteGlobalIDString = B3AC612E1FBDBB0C00B2334D;
			remoteInfo = "Speed Gauge";
		};
/* End PBXContainerItemProxy section */

/* Begin PBXFileReference section */
		B306A3492CBA907C00A28CD8 /* LaunchScreen.storyboard */ = {isa = PBXFileReference; lastKnownFileType = file.storyboard; path = LaunchScreen.storyboard; sourceTree = "<group>"; };
		B306A34B2CBA911F00A28CD8 /* Localizable.xcstrings */ = {isa = PBXFileReference; lastKnownFileType = text.json.xcstrings; path = Localizable.xcstrings; sourceTree = "<group>"; };
		B30F1412206FB24400DC1745 /* G_H_Filter.swift */ = {isa = PBXFileReference; lastKnownFileType = sourcecode.swift; path = G_H_Filter.swift; sourceTree = "<group>"; };
		B30F1414206FB29300DC1745 /* G_H_Filter_Tests.swift */ = {isa = PBXFileReference; lastKnownFileType = sourcecode.swift; path = G_H_Filter_Tests.swift; sourceTree = "<group>"; };
		B3177E5A20B0719900E283FC /* RepetitionTableViewController.swift */ = {isa = PBXFileReference; lastKnownFileType = sourcecode.swift; path = RepetitionTableViewController.swift; sourceTree = "<group>"; };
		B3177E5E20B0761600E283FC /* Repetition.swift */ = {isa = PBXFileReference; lastKnownFileType = sourcecode.swift; path = Repetition.swift; sourceTree = "<group>"; };
		B32510A12CBBC53E00CFE2F7 /* UIImage+Extension.swift */ = {isa = PBXFileReference; lastKnownFileType = sourcecode.swift; path = "UIImage+Extension.swift"; sourceTree = "<group>"; };
		B32510A32CBBD79200CFE2F7 /* GraphCharts.swift */ = {isa = PBXFileReference; lastKnownFileType = sourcecode.swift; path = GraphCharts.swift; sourceTree = "<group>"; };
		B3280A8D2CBA97C1005EBD32 /* LocalizedKeys.swift */ = {isa = PBXFileReference; lastKnownFileType = sourcecode.swift; path = LocalizedKeys.swift; sourceTree = "<group>"; };
		B3280A902CBA97EF005EBD32 /* String+Extension.swift */ = {isa = PBXFileReference; lastKnownFileType = sourcecode.swift; path = "String+Extension.swift"; sourceTree = "<group>"; };
		B3280A962CBAA243005EBD32 /* Main.storyboard */ = {isa = PBXFileReference; lastKnownFileType = file.storyboard; path = Main.storyboard; sourceTree = "<group>"; };
		B3986403206FA35200066E06 /* Speed Gauge Tests.xctest */ = {isa = PBXFileReference; explicitFileType = wrapper.cfbundle; includeInIndex = 0; path = "Speed Gauge Tests.xctest"; sourceTree = BUILT_PRODUCTS_DIR; };
		B3986407206FA35300066E06 /* Info.plist */ = {isa = PBXFileReference; lastKnownFileType = text.plist.xml; path = Info.plist; sourceTree = "<group>"; };
		B398640F206FA75100066E06 /* Abstract_Test.swift */ = {isa = PBXFileReference; lastKnownFileType = sourcecode.swift; path = Abstract_Test.swift; sourceTree = "<group>"; };
		B3AC612F1FBDBB0C00B2334D /* Speed Gauge.app */ = {isa = PBXFileReference; explicitFileType = wrapper.application; includeInIndex = 0; path = "Speed Gauge.app"; sourceTree = BUILT_PRODUCTS_DIR; };
		B3AC61321FBDBB0C00B2334D /* AppDelegate.swift */ = {isa = PBXFileReference; lastKnownFileType = sourcecode.swift; path = AppDelegate.swift; sourceTree = "<group>"; };
		B3AC61391FBDBB0C00B2334D /* Assets.xcassets */ = {isa = PBXFileReference; lastKnownFileType = folder.assetcatalog; path = Assets.xcassets; sourceTree = "<group>"; };
		B3AC613E1FBDBB0C00B2334D /* Info.plist */ = {isa = PBXFileReference; lastKnownFileType = text.plist.xml; path = Info.plist; sourceTree = "<group>"; };
		B3AC61441FBDBBB100B2334D /* ViewController.swift */ = {isa = PBXFileReference; lastKnownFileType = sourcecode.swift; path = ViewController.swift; sourceTree = "<group>"; };
		B3E802762073B4E300166074 /* Kalman_Filter.swift */ = {isa = PBXFileReference; lastKnownFileType = sourcecode.swift; path = Kalman_Filter.swift; sourceTree = "<group>"; };
		B3E802782073B99200166074 /* Kalman_Filter_Tests.swift */ = {isa = PBXFileReference; lastKnownFileType = sourcecode.swift; path = Kalman_Filter_Tests.swift; sourceTree = "<group>"; };
		B3ED3D23207145C20084256F /* One_Dimensional_Kalman_Filter.swift */ = {isa = PBXFileReference; lastKnownFileType = sourcecode.swift; path = One_Dimensional_Kalman_Filter.swift; sourceTree = "<group>"; };
		B3ED3D25207146000084256F /* One_Dimensional_Kalman_Filter_Tests.swift */ = {isa = PBXFileReference; lastKnownFileType = sourcecode.swift; path = One_Dimensional_Kalman_Filter_Tests.swift; sourceTree = "<group>"; };
		B3F4E00F2070D35900FFE969 /* Discrete_Bayes_Filter.swift */ = {isa = PBXFileReference; lastKnownFileType = sourcecode.swift; path = Discrete_Bayes_Filter.swift; sourceTree = "<group>"; };
		B3F4E0112070D38200FFE969 /* Discrete_Bayes_Filter_Tests.swift */ = {isa = PBXFileReference; lastKnownFileType = sourcecode.swift; path = Discrete_Bayes_Filter_Tests.swift; sourceTree = "<group>"; };
/* End PBXFileReference section */

/* Begin PBXFrameworksBuildPhase section */
		B3986400206FA35200066E06 /* Frameworks */ = {
			isa = PBXFrameworksBuildPhase;
			buildActionMask = 2147483647;
			files = (
			);
			runOnlyForDeploymentPostprocessing = 0;
		};
		B3AC612C1FBDBB0C00B2334D /* Frameworks */ = {
			isa = PBXFrameworksBuildPhase;
			buildActionMask = 2147483647;
			files = (
				B32822CC2CBA7BF000BA521D /* SigmaSwiftStatistics in Frameworks */,
				B32822C62CBA7B3700BA521D /* DGCharts in Frameworks */,
				B32822C92CBA7BD000BA521D /* Surge in Frameworks */,
			);
			runOnlyForDeploymentPostprocessing = 0;
		};
/* End PBXFrameworksBuildPhase section */

/* Begin PBXGroup section */
		B312D3142CBA7DF700028872 /* Filters */ = {
			isa = PBXGroup;
			children = (
				B30F1412206FB24400DC1745 /* G_H_Filter.swift */,
				B3F4E00F2070D35900FFE969 /* Discrete_Bayes_Filter.swift */,
				B3ED3D23207145C20084256F /* One_Dimensional_Kalman_Filter.swift */,
				B3E802762073B4E300166074 /* Kalman_Filter.swift */,
			);
			path = Filters;
			sourceTree = "<group>";
		};
		B312D3152CBA7E2600028872 /* Filters */ = {
			isa = PBXGroup;
			children = (
				B398640F206FA75100066E06 /* Abstract_Test.swift */,
				B30F1414206FB29300DC1745 /* G_H_Filter_Tests.swift */,
				B3F4E0112070D38200FFE969 /* Discrete_Bayes_Filter_Tests.swift */,
				B3ED3D25207146000084256F /* One_Dimensional_Kalman_Filter_Tests.swift */,
				B3E802782073B99200166074 /* Kalman_Filter_Tests.swift */,
			);
			path = Filters;
			sourceTree = "<group>";
		};
		B3280A8F2CBA97DE005EBD32 /* Extensions */ = {
			isa = PBXGroup;
			children = (
				B3280A902CBA97EF005EBD32 /* String+Extension.swift */,
				B32510A12CBBC53E00CFE2F7 /* UIImage+Extension.swift */,
			);
			path = Extensions;
			sourceTree = "<group>";
		};
		B39863FE206FA12A00066E06 /* Model */ = {
			isa = PBXGroup;
			children = (
				B32510A32CBBD79200CFE2F7 /* GraphCharts.swift */,
				B3177E5E20B0761600E283FC /* Repetition.swift */,
				B312D3142CBA7DF700028872 /* Filters */,
			);
			path = Model;
			sourceTree = "<group>";
		};
		B3986404206FA35200066E06 /* Speed Gauge Tests */ = {
			isa = PBXGroup;
			children = (
				B3986407206FA35300066E06 /* Info.plist */,
				B312D3152CBA7E2600028872 /* Filters */,
			);
			path = "Speed Gauge Tests";
			sourceTree = "<group>";
		};
		B3AC61261FBDBB0C00B2334D = {
			isa = PBXGroup;
			children = (
				B3AC61311FBDBB0C00B2334D /* Speed Gauge */,
				B3986404206FA35200066E06 /* Speed Gauge Tests */,
				B3AC61301FBDBB0C00B2334D /* Products */,
			);
			sourceTree = "<group>";
		};
		B3AC61301FBDBB0C00B2334D /* Products */ = {
			isa = PBXGroup;
			children = (
				B3AC612F1FBDBB0C00B2334D /* Speed Gauge.app */,
				B3986403206FA35200066E06 /* Speed Gauge Tests.xctest */,
			);
			name = Products;
			sourceTree = "<group>";
		};
		B3AC61311FBDBB0C00B2334D /* Speed Gauge */ = {
			isa = PBXGroup;
			children = (
				B3AC613E1FBDBB0C00B2334D /* Info.plist */,
				B306A3492CBA907C00A28CD8 /* LaunchScreen.storyboard */,
				B3280A962CBAA243005EBD32 /* Main.storyboard */,
				B3AC61321FBDBB0C00B2334D /* AppDelegate.swift */,
				B3AC61441FBDBBB100B2334D /* ViewController.swift */,
				B3177E5A20B0719900E283FC /* RepetitionTableViewController.swift */,
				B3AC61391FBDBB0C00B2334D /* Assets.xcassets */,
				B306A34B2CBA911F00A28CD8 /* Localizable.xcstrings */,
				B3280A8D2CBA97C1005EBD32 /* LocalizedKeys.swift */,
				B3280A8F2CBA97DE005EBD32 /* Extensions */,
				B39863FE206FA12A00066E06 /* Model */,
			);
			path = "Speed Gauge";
			sourceTree = "<group>";
		};
/* End PBXGroup section */

/* Begin PBXNativeTarget section */
		B3986402206FA35200066E06 /* Speed Gauge Tests */ = {
			isa = PBXNativeTarget;
			buildConfigurationList = B398640A206FA35300066E06 /* Build configuration list for PBXNativeTarget "Speed Gauge Tests" */;
			buildPhases = (
				B39863FF206FA35200066E06 /* Sources */,
				B3986400206FA35200066E06 /* Frameworks */,
				B3986401206FA35200066E06 /* Resources */,
			);
			buildRules = (
			);
			dependencies = (
				B3986409206FA35300066E06 /* PBXTargetDependency */,
			);
			name = "Speed Gauge Tests";
			productName = "Speed Gauge Tests";
			productReference = B3986403206FA35200066E06 /* Speed Gauge Tests.xctest */;
			productType = "com.apple.product-type.bundle.unit-test";
		};
		B3AC612E1FBDBB0C00B2334D /* Speed Gauge */ = {
			isa = PBXNativeTarget;
			buildConfigurationList = B3AC61411FBDBB0C00B2334D /* Build configuration list for PBXNativeTarget "Speed Gauge" */;
			buildPhases = (
				B3AC612B1FBDBB0C00B2334D /* Sources */,
				B3AC612C1FBDBB0C00B2334D /* Frameworks */,
				B3AC612D1FBDBB0C00B2334D /* Resources */,
			);
			buildRules = (
			);
			dependencies = (
			);
			name = "Speed Gauge";
			productName = "iPhone Accelerometer Gauge";
			productReference = B3AC612F1FBDBB0C00B2334D /* Speed Gauge.app */;
			productType = "com.apple.product-type.application";
		};
/* End PBXNativeTarget section */

/* Begin PBXProject section */
		B3AC61271FBDBB0C00B2334D /* Project object */ = {
			isa = PBXProject;
			attributes = {
				BuildIndependentTargetsInParallel = YES;
				LastSwiftUpdateCheck = 0930;
				LastUpgradeCheck = 1600;
				ORGANIZATIONNAME = "Guillermo Alcalá Gamero";
				TargetAttributes = {
					B3986402206FA35200066E06 = {
						CreatedOnToolsVersion = 9.3;
						ProvisioningStyle = Automatic;
						TestTargetID = B3AC612E1FBDBB0C00B2334D;
					};
					B3AC612E1FBDBB0C00B2334D = {
						CreatedOnToolsVersion = 9.0;
						ProvisioningStyle = Automatic;
					};
				};
			};
			buildConfigurationList = B3AC612A1FBDBB0C00B2334D /* Build configuration list for PBXProject "Speed Gauge" */;
			compatibilityVersion = "Xcode 8.0";
			developmentRegion = en;
			hasScannedForEncodings = 0;
			knownRegions = (
				en,
				Base,
				es,
			);
			mainGroup = B3AC61261FBDBB0C00B2334D;
			packageReferences = (
				B32822C42CBA7B3700BA521D /* XCRemoteSwiftPackageReference "Charts" */,
				B32822C72CBA7BD000BA521D /* XCRemoteSwiftPackageReference "Surge" */,
				B32822CA2CBA7BF000BA521D /* XCRemoteSwiftPackageReference "SigmaSwiftStatistics" */,
			);
			productRefGroup = B3AC61301FBDBB0C00B2334D /* Products */;
			projectDirPath = "";
			projectRoot = "";
			targets = (
				B3AC612E1FBDBB0C00B2334D /* Speed Gauge */,
				B3986402206FA35200066E06 /* Speed Gauge Tests */,
			);
		};
/* End PBXProject section */

/* Begin PBXResourcesBuildPhase section */
		B3986401206FA35200066E06 /* Resources */ = {
			isa = PBXResourcesBuildPhase;
			buildActionMask = 2147483647;
			files = (
			);
			runOnlyForDeploymentPostprocessing = 0;
		};
		B3AC612D1FBDBB0C00B2334D /* Resources */ = {
			isa = PBXResourcesBuildPhase;
			buildActionMask = 2147483647;
			files = (
				B3280A972CBAA243005EBD32 /* Main.storyboard in Resources */,
				B306A34A2CBA907C00A28CD8 /* LaunchScreen.storyboard in Resources */,
				B306A34C2CBA911F00A28CD8 /* Localizable.xcstrings in Resources */,
				B3AC613A1FBDBB0C00B2334D /* Assets.xcassets in Resources */,
			);
			runOnlyForDeploymentPostprocessing = 0;
		};
/* End PBXResourcesBuildPhase section */

/* Begin PBXSourcesBuildPhase section */
		B39863FF206FA35200066E06 /* Sources */ = {
			isa = PBXSourcesBuildPhase;
			buildActionMask = 2147483647;
			files = (
				B3E802792073B99200166074 /* Kalman_Filter_Tests.swift in Sources */,
				B3986410206FA75100066E06 /* Abstract_Test.swift in Sources */,
				B30F1415206FB29300DC1745 /* G_H_Filter_Tests.swift in Sources */,
				B3ED3D26207146000084256F /* One_Dimensional_Kalman_Filter_Tests.swift in Sources */,
				B3F4E0122070D38200FFE969 /* Discrete_Bayes_Filter_Tests.swift in Sources */,
			);
			runOnlyForDeploymentPostprocessing = 0;
		};
		B3AC612B1FBDBB0C00B2334D /* Sources */ = {
			isa = PBXSourcesBuildPhase;
			buildActionMask = 2147483647;
			files = (
				B3AC61331FBDBB0C00B2334D /* AppDelegate.swift in Sources */,
				B3177E5B20B0719900E283FC /* RepetitionTableViewController.swift in Sources */,
				B3280A8E2CBA97C1005EBD32 /* LocalizedKeys.swift in Sources */,
				B3F4E0102070D35900FFE969 /* Discrete_Bayes_Filter.swift in Sources */,
				B3ED3D24207145C20084256F /* One_Dimensional_Kalman_Filter.swift in Sources */,
				B30F1413206FB24400DC1745 /* G_H_Filter.swift in Sources */,
				B3AC61451FBDBBB100B2334D /* ViewController.swift in Sources */,
				B32510A42CBBD79200CFE2F7 /* GraphCharts.swift in Sources */,
				B3177E5F20B0761600E283FC /* Repetition.swift in Sources */,
				B3280A912CBA97EF005EBD32 /* String+Extension.swift in Sources */,
				B32510A22CBBC53E00CFE2F7 /* UIImage+Extension.swift in Sources */,
				B3E802772073B4E300166074 /* Kalman_Filter.swift in Sources */,
			);
			runOnlyForDeploymentPostprocessing = 0;
		};
/* End PBXSourcesBuildPhase section */

/* Begin PBXTargetDependency section */
		B3986409206FA35300066E06 /* PBXTargetDependency */ = {
			isa = PBXTargetDependency;
			target = B3AC612E1FBDBB0C00B2334D /* Speed Gauge */;
			targetProxy = B3986408206FA35300066E06 /* PBXContainerItemProxy */;
		};
/* End PBXTargetDependency section */

/* Begin XCBuildConfiguration section */
		B398640B206FA35300066E06 /* Debug */ = {
			isa = XCBuildConfiguration;
			buildSettings = {
				BUNDLE_LOADER = "$(TEST_HOST)";
				CLANG_ENABLE_OBJC_WEAK = YES;
				CLANG_WARN_DEPRECATED_OBJC_IMPLEMENTATIONS = YES;
				CLANG_WARN_OBJC_IMPLICIT_RETAIN_SELF = YES;
				CODE_SIGN_STYLE = Automatic;
				DEVELOPMENT_TEAM = P6CJPUQZP5;
				INFOPLIST_FILE = "Speed Gauge Tests/Info.plist";
				IPHONEOS_DEPLOYMENT_TARGET = 13.0;
				LD_RUNPATH_SEARCH_PATHS = (
					"$(inherited)",
					"@executable_path/Frameworks",
					"@loader_path/Frameworks",
				);
				PRODUCT_BUNDLE_IDENTIFIER = "com.atlas.Speed-Gauge-Tests";
				PRODUCT_NAME = "$(TARGET_NAME)";
				SWIFT_VERSION = 5.0;
				TARGETED_DEVICE_FAMILY = "1,2";
				TEST_HOST = "$(BUILT_PRODUCTS_DIR)/Speed Gauge.app/Speed Gauge";
			};
			name = Debug;
		};
		B398640C206FA35300066E06 /* Release */ = {
			isa = XCBuildConfiguration;
			buildSettings = {
				BUNDLE_LOADER = "$(TEST_HOST)";
				CLANG_ENABLE_OBJC_WEAK = YES;
				CLANG_WARN_DEPRECATED_OBJC_IMPLEMENTATIONS = YES;
				CLANG_WARN_OBJC_IMPLICIT_RETAIN_SELF = YES;
				CODE_SIGN_STYLE = Automatic;
				DEVELOPMENT_TEAM = P6CJPUQZP5;
				INFOPLIST_FILE = "Speed Gauge Tests/Info.plist";
				IPHONEOS_DEPLOYMENT_TARGET = 13.0;
				LD_RUNPATH_SEARCH_PATHS = (
					"$(inherited)",
					"@executable_path/Frameworks",
					"@loader_path/Frameworks",
				);
				PRODUCT_BUNDLE_IDENTIFIER = "com.atlas.Speed-Gauge-Tests";
				PRODUCT_NAME = "$(TARGET_NAME)";
				SWIFT_VERSION = 5.0;
				TARGETED_DEVICE_FAMILY = "1,2";
				TEST_HOST = "$(BUILT_PRODUCTS_DIR)/Speed Gauge.app/Speed Gauge";
			};
			name = Release;
		};
		B3AC613F1FBDBB0C00B2334D /* Debug */ = {
			isa = XCBuildConfiguration;
			buildSettings = {
				ALWAYS_SEARCH_USER_PATHS = NO;
				ASSETCATALOG_COMPILER_GENERATE_SWIFT_ASSET_SYMBOL_EXTENSIONS = YES;
				CLANG_ANALYZER_NONNULL = YES;
				CLANG_ANALYZER_NUMBER_OBJECT_CONVERSION = YES_AGGRESSIVE;
				CLANG_CXX_LANGUAGE_STANDARD = "gnu++14";
				CLANG_CXX_LIBRARY = "libc++";
				CLANG_ENABLE_MODULES = YES;
				CLANG_ENABLE_OBJC_ARC = YES;
				CLANG_WARN_BLOCK_CAPTURE_AUTORELEASING = YES;
				CLANG_WARN_BOOL_CONVERSION = YES;
				CLANG_WARN_COMMA = YES;
				CLANG_WARN_CONSTANT_CONVERSION = YES;
				CLANG_WARN_DEPRECATED_OBJC_IMPLEMENTATIONS = YES;
				CLANG_WARN_DIRECT_OBJC_ISA_USAGE = YES_ERROR;
				CLANG_WARN_DOCUMENTATION_COMMENTS = YES;
				CLANG_WARN_EMPTY_BODY = YES;
				CLANG_WARN_ENUM_CONVERSION = YES;
				CLANG_WARN_INFINITE_RECURSION = YES;
				CLANG_WARN_INT_CONVERSION = YES;
				CLANG_WARN_NON_LITERAL_NULL_CONVERSION = YES;
				CLANG_WARN_OBJC_IMPLICIT_RETAIN_SELF = YES;
				CLANG_WARN_OBJC_LITERAL_CONVERSION = YES;
				CLANG_WARN_OBJC_ROOT_CLASS = YES_ERROR;
				CLANG_WARN_QUOTED_INCLUDE_IN_FRAMEWORK_HEADER = YES;
				CLANG_WARN_RANGE_LOOP_ANALYSIS = YES;
				CLANG_WARN_STRICT_PROTOTYPES = YES;
				CLANG_WARN_SUSPICIOUS_MOVE = YES;
				CLANG_WARN_UNGUARDED_AVAILABILITY = YES_AGGRESSIVE;
				CLANG_WARN_UNREACHABLE_CODE = YES;
				CLANG_WARN__DUPLICATE_METHOD_MATCH = YES;
				CODE_SIGN_IDENTITY = "iPhone Developer";
				COPY_PHASE_STRIP = NO;
				DEBUG_INFORMATION_FORMAT = dwarf;
				ENABLE_STRICT_OBJC_MSGSEND = YES;
				ENABLE_TESTABILITY = YES;
				ENABLE_USER_SCRIPT_SANDBOXING = YES;
				GCC_C_LANGUAGE_STANDARD = gnu11;
				GCC_DYNAMIC_NO_PIC = NO;
				GCC_NO_COMMON_BLOCKS = YES;
				GCC_OPTIMIZATION_LEVEL = 0;
				GCC_PREPROCESSOR_DEFINITIONS = (
					"DEBUG=1",
					"$(inherited)",
				);
				GCC_WARN_64_TO_32_BIT_CONVERSION = YES;
				GCC_WARN_ABOUT_RETURN_TYPE = YES_ERROR;
				GCC_WARN_UNDECLARED_SELECTOR = YES;
				GCC_WARN_UNINITIALIZED_AUTOS = YES_AGGRESSIVE;
				GCC_WARN_UNUSED_FUNCTION = YES;
				GCC_WARN_UNUSED_VARIABLE = YES;
				IPHONEOS_DEPLOYMENT_TARGET = 13.0;
				MTL_ENABLE_DEBUG_INFO = YES;
				ONLY_ACTIVE_ARCH = YES;
				SDKROOT = iphoneos;
				SWIFT_ACTIVE_COMPILATION_CONDITIONS = DEBUG;
				SWIFT_EMIT_LOC_STRINGS = YES;
				SWIFT_OPTIMIZATION_LEVEL = "-Onone";
				SWIFT_VERSION = 5.0;
			};
			name = Debug;
		};
		B3AC61401FBDBB0C00B2334D /* Release */ = {
			isa = XCBuildConfiguration;
			buildSettings = {
				ALWAYS_SEARCH_USER_PATHS = NO;
				ASSETCATALOG_COMPILER_GENERATE_SWIFT_ASSET_SYMBOL_EXTENSIONS = YES;
				CLANG_ANALYZER_NONNULL = YES;
				CLANG_ANALYZER_NUMBER_OBJECT_CONVERSION = YES_AGGRESSIVE;
				CLANG_CXX_LANGUAGE_STANDARD = "gnu++14";
				CLANG_CXX_LIBRARY = "libc++";
				CLANG_ENABLE_MODULES = YES;
				CLANG_ENABLE_OBJC_ARC = YES;
				CLANG_WARN_BLOCK_CAPTURE_AUTORELEASING = YES;
				CLANG_WARN_BOOL_CONVERSION = YES;
				CLANG_WARN_COMMA = YES;
				CLANG_WARN_CONSTANT_CONVERSION = YES;
				CLANG_WARN_DEPRECATED_OBJC_IMPLEMENTATIONS = YES;
				CLANG_WARN_DIRECT_OBJC_ISA_USAGE = YES_ERROR;
				CLANG_WARN_DOCUMENTATION_COMMENTS = YES;
				CLANG_WARN_EMPTY_BODY = YES;
				CLANG_WARN_ENUM_CONVERSION = YES;
				CLANG_WARN_INFINITE_RECURSION = YES;
				CLANG_WARN_INT_CONVERSION = YES;
				CLANG_WARN_NON_LITERAL_NULL_CONVERSION = YES;
				CLANG_WARN_OBJC_IMPLICIT_RETAIN_SELF = YES;
				CLANG_WARN_OBJC_LITERAL_CONVERSION = YES;
				CLANG_WARN_OBJC_ROOT_CLASS = YES_ERROR;
				CLANG_WARN_QUOTED_INCLUDE_IN_FRAMEWORK_HEADER = YES;
				CLANG_WARN_RANGE_LOOP_ANALYSIS = YES;
				CLANG_WARN_STRICT_PROTOTYPES = YES;
				CLANG_WARN_SUSPICIOUS_MOVE = YES;
				CLANG_WARN_UNGUARDED_AVAILABILITY = YES_AGGRESSIVE;
				CLANG_WARN_UNREACHABLE_CODE = YES;
				CLANG_WARN__DUPLICATE_METHOD_MATCH = YES;
				CODE_SIGN_IDENTITY = "iPhone Developer";
				COPY_PHASE_STRIP = NO;
				DEBUG_INFORMATION_FORMAT = "dwarf-with-dsym";
				ENABLE_NS_ASSERTIONS = NO;
				ENABLE_STRICT_OBJC_MSGSEND = YES;
				ENABLE_USER_SCRIPT_SANDBOXING = YES;
				GCC_C_LANGUAGE_STANDARD = gnu11;
				GCC_NO_COMMON_BLOCKS = YES;
				GCC_WARN_64_TO_32_BIT_CONVERSION = YES;
				GCC_WARN_ABOUT_RETURN_TYPE = YES_ERROR;
				GCC_WARN_UNDECLARED_SELECTOR = YES;
				GCC_WARN_UNINITIALIZED_AUTOS = YES_AGGRESSIVE;
				GCC_WARN_UNUSED_FUNCTION = YES;
				GCC_WARN_UNUSED_VARIABLE = YES;
				IPHONEOS_DEPLOYMENT_TARGET = 13.0;
				MTL_ENABLE_DEBUG_INFO = NO;
				SDKROOT = iphoneos;
				SWIFT_COMPILATION_MODE = wholemodule;
				SWIFT_EMIT_LOC_STRINGS = YES;
				SWIFT_OPTIMIZATION_LEVEL = "-O";
				SWIFT_VERSION = 5.0;
				VALIDATE_PRODUCT = YES;
			};
			name = Release;
		};
		B3AC61421FBDBB0C00B2334D /* Debug */ = {
			isa = XCBuildConfiguration;
			buildSettings = {
				ASSETCATALOG_COMPILER_APPICON_NAME = AppIcon;
				CODE_SIGN_IDENTITY = "Apple Development";
				CODE_SIGN_STYLE = Automatic;
				DEVELOPMENT_TEAM = P6CJPUQZP5;
				INFOPLIST_FILE = "$(SRCROOT)/Speed Gauge/Info.plist";
				INFOPLIST_KEY_LSApplicationCategoryType = "public.app-category.utilities";
				IPHONEOS_DEPLOYMENT_TARGET = 13.0;
				LD_RUNPATH_SEARCH_PATHS = (
					"$(inherited)",
					"@executable_path/Frameworks",
				);
				PRODUCT_BUNDLE_IDENTIFIER = "com.atlas.Speed-Gauge";
				PRODUCT_NAME = "$(TARGET_NAME)";
				PROVISIONING_PROFILE_SPECIFIER = "";
				SUPPORTED_PLATFORMS = "iphoneos iphonesimulator";
				SUPPORTS_MACCATALYST = NO;
				SWIFT_VERSION = 5.0;
				TARGETED_DEVICE_FAMILY = "1,2";
			};
			name = Debug;
		};
		B3AC61431FBDBB0C00B2334D /* Release */ = {
			isa = XCBuildConfiguration;
			buildSettings = {
				ASSETCATALOG_COMPILER_APPICON_NAME = AppIcon;
				CODE_SIGN_IDENTITY = "Apple Development";
				CODE_SIGN_STYLE = Automatic;
				DEVELOPMENT_TEAM = P6CJPUQZP5;
				INFOPLIST_FILE = "$(SRCROOT)/Speed Gauge/Info.plist";
				INFOPLIST_KEY_LSApplicationCategoryType = "public.app-category.utilities";
				IPHONEOS_DEPLOYMENT_TARGET = 13.0;
				LD_RUNPATH_SEARCH_PATHS = (
					"$(inherited)",
					"@executable_path/Frameworks",
				);
				PRODUCT_BUNDLE_IDENTIFIER = "com.atlas.Speed-Gauge";
				PRODUCT_NAME = "$(TARGET_NAME)";
				PROVISIONING_PROFILE_SPECIFIER = "";
				SUPPORTED_PLATFORMS = "iphoneos iphonesimulator";
				SUPPORTS_MACCATALYST = NO;
				SWIFT_VERSION = 5.0;
				TARGETED_DEVICE_FAMILY = "1,2";
			};
			name = Release;
		};
/* End XCBuildConfiguration section */

/* Begin XCConfigurationList section */
		B398640A206FA35300066E06 /* Build configuration list for PBXNativeTarget "Speed Gauge Tests" */ = {
			isa = XCConfigurationList;
			buildConfigurations = (
				B398640B206FA35300066E06 /* Debug */,
				B398640C206FA35300066E06 /* Release */,
			);
			defaultConfigurationIsVisible = 0;
			defaultConfigurationName = Release;
		};
		B3AC612A1FBDBB0C00B2334D /* Build configuration list for PBXProject "Speed Gauge" */ = {
			isa = XCConfigurationList;
			buildConfigurations = (
				B3AC613F1FBDBB0C00B2334D /* Debug */,
				B3AC61401FBDBB0C00B2334D /* Release */,
			);
			defaultConfigurationIsVisible = 0;
			defaultConfigurationName = Release;
		};
		B3AC61411FBDBB0C00B2334D /* Build configuration list for PBXNativeTarget "Speed Gauge" */ = {
			isa = XCConfigurationList;
			buildConfigurations = (
				B3AC61421FBDBB0C00B2334D /* Debug */,
				B3AC61431FBDBB0C00B2334D /* Release */,
			);
			defaultConfigurationIsVisible = 0;
			defaultConfigurationName = Release;
		};
/* End XCConfigurationList section */

/* Begin XCRemoteSwiftPackageReference section */
		B32822C42CBA7B3700BA521D /* XCRemoteSwiftPackageReference "Charts" */ = {
			isa = XCRemoteSwiftPackageReference;
			repositoryURL = "https://github.com/danielgindi/Charts.git";
			requirement = {
				kind = exactVersion;
				version = 5.1.0;
			};
		};
		B32822C72CBA7BD000BA521D /* XCRemoteSwiftPackageReference "Surge" */ = {
			isa = XCRemoteSwiftPackageReference;
			repositoryURL = "https://github.com/Jounce/Surge.git";
			requirement = {
				kind = exactVersion;
				version = 2.3.2;
			};
		};
		B32822CA2CBA7BF000BA521D /* XCRemoteSwiftPackageReference "SigmaSwiftStatistics" */ = {
			isa = XCRemoteSwiftPackageReference;
			repositoryURL = "https://github.com/evgenyneu/SigmaSwiftStatistics.git";
			requirement = {
				kind = exactVersion;
				version = 9.0.2;
			};
		};
/* End XCRemoteSwiftPackageReference section */

/* Begin XCSwiftPackageProductDependency section */
		B32822C52CBA7B3700BA521D /* DGCharts */ = {
			isa = XCSwiftPackageProductDependency;
			package = B32822C42CBA7B3700BA521D /* XCRemoteSwiftPackageReference "Charts" */;
			productName = DGCharts;
		};
		B32822C82CBA7BD000BA521D /* Surge */ = {
			isa = XCSwiftPackageProductDependency;
			package = B32822C72CBA7BD000BA521D /* XCRemoteSwiftPackageReference "Surge" */;
			productName = Surge;
		};
		B32822CB2CBA7BF000BA521D /* SigmaSwiftStatistics */ = {
			isa = XCSwiftPackageProductDependency;
			package = B32822CA2CBA7BF000BA521D /* XCRemoteSwiftPackageReference "SigmaSwiftStatistics" */;
			productName = SigmaSwiftStatistics;
		};
/* End XCSwiftPackageProductDependency section */
	};
	rootObject = B3AC61271FBDBB0C00B2334D /* Project object */;
}
